
Microsoft Visual Studio Solution File, Format Version 12.00
# Visual Studio 15
VisualStudioVersion = 15.0.26124.0
MinimumVisualStudioVersion = 15.0.26124.0
Project("{FAE04EC0-301F-11D3-BF4B-00C04F79EFBC}") = "SerilogConsole", "SerilogConsole\SerilogConsole.csproj", "{7413E95B-4679-4BC8-934D-BDA18F7CE239}"
EndProject
Project("{FAE04EC0-301F-11D3-BF4B-00C04F79EFBC}") = "Serilog.Web", "Serilog.Web\Serilog.Web.csproj", "{FDBFE6A5-4464-4652-8D3E-C02B9722E9D7}"
EndProject
Global
	GlobalSection(SolutionConfigurationPlatforms) = preSolution
		Debug|Any CPU = Debug|Any CPU
		Debug|x64 = Debug|x64
		Debug|x86 = Debug|x86
		Release|Any CPU = Release|Any CPU
		Release|x64 = Release|x64
		Release|x86 = Release|x86
	EndGlobalSection
	GlobalSection(SolutionProperties) = preSolution
		HideSolutionNode = FALSE
	EndGlobalSection
	GlobalSection(ProjectConfigurationPlatforms) = postSolution
		{7413E95B-4679-4BC8-934D-BDA18F7CE239}.Debug|Any CPU.ActiveCfg = Debug|Any CPU
		{7413E95B-4679-4BC8-934D-BDA18F7CE239}.Debug|Any CPU.Build.0 = Debug|Any CPU
		{7413E95B-4679-4BC8-934D-BDA18F7CE239}.Debug|x64.ActiveCfg = Debug|Any CPU
		{7413E95B-4679-4BC8-934D-BDA18F7CE239}.Debug|x64.Build.0 = Debug|Any CPU
		{7413E95B-4679-4BC8-934D-BDA18F7CE239}.Debug|x86.ActiveCfg = Debug|Any CPU
		{7413E95B-4679-4BC8-934D-BDA18F7CE239}.Debug|x86.Build.0 = Debug|Any CPU
		{7413E95B-4679-4BC8-934D-BDA18F7CE239}.Release|Any CPU.ActiveCfg = Release|Any CPU
		{7413E95B-4679-4BC8-934D-BDA18F7CE239}.Release|Any CPU.Build.0 = Release|Any CPU
		{7413E95B-4679-4BC8-934D-BDA18F7CE239}.Release|x64.ActiveCfg = Release|Any CPU
		{7413E95B-4679-4BC8-934D-BDA18F7CE239}.Release|x64.Build.0 = Release|Any CPU
		{7413E95B-4679-4BC8-934D-BDA18F7CE239}.Release|x86.ActiveCfg = Release|Any CPU
		{7413E95B-4679-4BC8-934D-BDA18F7CE239}.Release|x86.Build.0 = Release|Any CPU
		{FDBFE6A5-4464-4652-8D3E-C02B9722E9D7}.Debug|Any CPU.ActiveCfg = Debug|Any CPU
		{FDBFE6A5-4464-4652-8D3E-C02B9722E9D7}.Debug|Any CPU.Build.0 = Debug|Any CPU
		{FDBFE6A5-4464-4652-8D3E-C02B9722E9D7}.Debug|x64.ActiveCfg = Debug|Any CPU
		{FDBFE6A5-4464-4652-8D3E-C02B9722E9D7}.Debug|x64.Build.0 = Debug|Any CPU
		{FDBFE6A5-4464-4652-8D3E-C02B9722E9D7}.Debug|x86.ActiveCfg = Debug|Any CPU
		{FDBFE6A5-4464-4652-8D3E-C02B9722E9D7}.Debug|x86.Build.0 = Debug|Any CPU
		{FDBFE6A5-4464-4652-8D3E-C02B9722E9D7}.Release|Any CPU.ActiveCfg = Release|Any CPU
		{FDBFE6A5-4464-4652-8D3E-C02B9722E9D7}.Release|Any CPU.Build.0 = Release|Any CPU
		{FDBFE6A5-4464-4652-8D3E-C02B9722E9D7}.Release|x64.ActiveCfg = Release|Any CPU
		{FDBFE6A5-4464-4652-8D3E-C02B9722E9D7}.Release|x64.Build.0 = Release|Any CPU
		{FDBFE6A5-4464-4652-8D3E-C02B9722E9D7}.Release|x86.ActiveCfg = Release|Any CPU
		{FDBFE6A5-4464-4652-8D3E-C02B9722E9D7}.Release|x86.Build.0 = Release|Any CPU
	EndGlobalSection
EndGlobal
